
Microsoft Visual Studio Solution File, Format Version 12.00
# Visual Studio 15
VisualStudioVersion = 15.0.28307.329
MinimumVisualStudioVersion = 10.0.40219.1
Project("{9A19103F-16F7-4668-BE54-9A1E7A4F7556}") = "EstructuraProyectoTechSesion", "EstructuraProyectoTechSesion\EstructuraProyectoTechSesion.csproj", "{076EEBB3-EFD6-435D-8753-4D1D403D9897}"
EndProject
Project("{9A19103F-16F7-4668-BE54-9A1E7A4F7556}") = "EF_FromSql", "EF_FromSql\EF_FromSql.csproj", "{70216C1A-0626-400F-ADDC-5692A33531E1}"
EndProject
Project("{FAE04EC0-301F-11D3-BF4B-00C04F79EFBC}") = "BusinessLogic", "Y:\Documents\Visual Studio Projects\EntityFramework.Docs-master\samples\core\Miscellaneous\Testing\BusinessLogic\BusinessLogic.csproj", "{60B2C7AF-655F-4709-9E7F-7403E61F3A08}"
EndProject
Project("{FAE04EC0-301F-11D3-BF4B-00C04F79EFBC}") = "TestProject", "Y:\Documents\Visual Studio Projects\EntityFramework.Docs-master\samples\core\Miscellaneous\Testing\TestProject\TestProject.csproj", "{F4468750-9480-48E0-AA7A-DE84780AE1C2}"
EndProject
Project("{2150E333-8FDC-42A3-9474-1A3956D46DE8}") = "InMemory", "InMemory", "{F6B1801D-2895-4A9E-95BB-7CBD839BBA86}"
EndProject
Project("{FAE04EC0-301F-11D3-BF4B-00C04F79EFBC}") = "AutenticationAuthorization", "AutenticationAuthorization\AutenticationAuthorization.csproj", "{DF781FDE-BE04-4002-8A53-1E9FC7E9C3E8}"
EndProject
Project("{FAE04EC0-301F-11D3-BF4B-00C04F79EFBC}") = "MicrosoftExtensionConfiguration", "MicrosoftExtensionConfiguration\MicrosoftExtensionConfiguration.csproj", "{43A0EA37-0369-411C-8BE9-080D98B0B4C0}"
EndProject
Project("{FAE04EC0-301F-11D3-BF4B-00C04F79EFBC}") = "Loggers", "Loggers\Loggers.csproj", "{0117F572-02E2-4E19-8C0D-E176D6F6EDA7}"
EndProject
Project("{9A19103F-16F7-4668-BE54-9A1E7A4F7556}") = "AspNetCoreMVCLocalizationByURL", "..\AspNetCoreMVCLocalizationByURL-master\AspNetCoreMVCLocalizationByURL\AspNetCoreMVCLocalizationByURL.csproj", "{498BED3D-702D-4AC1-B818-D34E478131AE}"
EndProject
Global
	GlobalSection(SolutionConfigurationPlatforms) = preSolution
		Debug|Any CPU = Debug|Any CPU
		Release|Any CPU = Release|Any CPU
	EndGlobalSection
	GlobalSection(ProjectConfigurationPlatforms) = postSolution
		{076EEBB3-EFD6-435D-8753-4D1D403D9897}.Debug|Any CPU.ActiveCfg = Debug|Any CPU
		{076EEBB3-EFD6-435D-8753-4D1D403D9897}.Debug|Any CPU.Build.0 = Debug|Any CPU
		{076EEBB3-EFD6-435D-8753-4D1D403D9897}.Release|Any CPU.ActiveCfg = Release|Any CPU
		{076EEBB3-EFD6-435D-8753-4D1D403D9897}.Release|Any CPU.Build.0 = Release|Any CPU
		{70216C1A-0626-400F-ADDC-5692A33531E1}.Debug|Any CPU.ActiveCfg = Debug|Any CPU
		{70216C1A-0626-400F-ADDC-5692A33531E1}.Debug|Any CPU.Build.0 = Debug|Any CPU
		{70216C1A-0626-400F-ADDC-5692A33531E1}.Release|Any CPU.ActiveCfg = Release|Any CPU
		{70216C1A-0626-400F-ADDC-5692A33531E1}.Release|Any CPU.Build.0 = Release|Any CPU
		{60B2C7AF-655F-4709-9E7F-7403E61F3A08}.Debug|Any CPU.ActiveCfg = Debug|Any CPU
		{60B2C7AF-655F-4709-9E7F-7403E61F3A08}.Debug|Any CPU.Build.0 = Debug|Any CPU
		{60B2C7AF-655F-4709-9E7F-7403E61F3A08}.Release|Any CPU.ActiveCfg = Release|Any CPU
		{60B2C7AF-655F-4709-9E7F-7403E61F3A08}.Release|Any CPU.Build.0 = Release|Any CPU
		{F4468750-9480-48E0-AA7A-DE84780AE1C2}.Debug|Any CPU.ActiveCfg = Debug|Any CPU
		{F4468750-9480-48E0-AA7A-DE84780AE1C2}.Debug|Any CPU.Build.0 = Debug|Any CPU
		{F4468750-9480-48E0-AA7A-DE84780AE1C2}.Release|Any CPU.ActiveCfg = Release|Any CPU
		{F4468750-9480-48E0-AA7A-DE84780AE1C2}.Release|Any CPU.Build.0 = Release|Any CPU
		{DF781FDE-BE04-4002-8A53-1E9FC7E9C3E8}.Debug|Any CPU.ActiveCfg = Debug|Any CPU
		{DF781FDE-BE04-4002-8A53-1E9FC7E9C3E8}.Debug|Any CPU.Build.0 = Debug|Any CPU
		{DF781FDE-BE04-4002-8A53-1E9FC7E9C3E8}.Release|Any CPU.ActiveCfg = Release|Any CPU
		{DF781FDE-BE04-4002-8A53-1E9FC7E9C3E8}.Release|Any CPU.Build.0 = Release|Any CPU
		{43A0EA37-0369-411C-8BE9-080D98B0B4C0}.Debug|Any CPU.ActiveCfg = Debug|Any CPU
		{43A0EA37-0369-411C-8BE9-080D98B0B4C0}.Debug|Any CPU.Build.0 = Debug|Any CPU
		{43A0EA37-0369-411C-8BE9-080D98B0B4C0}.Release|Any CPU.ActiveCfg = Release|Any CPU
		{43A0EA37-0369-411C-8BE9-080D98B0B4C0}.Release|Any CPU.Build.0 = Release|Any CPU
		{0117F572-02E2-4E19-8C0D-E176D6F6EDA7}.Debug|Any CPU.ActiveCfg = Debug|Any CPU
		{0117F572-02E2-4E19-8C0D-E176D6F6EDA7}.Debug|Any CPU.Build.0 = Debug|Any CPU
		{0117F572-02E2-4E19-8C0D-E176D6F6EDA7}.Release|Any CPU.ActiveCfg = Release|Any CPU
		{0117F572-02E2-4E19-8C0D-E176D6F6EDA7}.Release|Any CPU.Build.0 = Release|Any CPU
		{498BED3D-702D-4AC1-B818-D34E478131AE}.Debug|Any CPU.ActiveCfg = Debug|Any CPU
		{498BED3D-702D-4AC1-B818-D34E478131AE}.Debug|Any CPU.Build.0 = Debug|Any CPU
		{498BED3D-702D-4AC1-B818-D34E478131AE}.Release|Any CPU.ActiveCfg = Release|Any CPU
		{498BED3D-702D-4AC1-B818-D34E478131AE}.Release|Any CPU.Build.0 = Release|Any CPU
	EndGlobalSection
	GlobalSection(SolutionProperties) = preSolution
		HideSolutionNode = FALSE
	EndGlobalSection
	GlobalSection(NestedProjects) = preSolution
		{60B2C7AF-655F-4709-9E7F-7403E61F3A08} = {F6B1801D-2895-4A9E-95BB-7CBD839BBA86}
		{F4468750-9480-48E0-AA7A-DE84780AE1C2} = {F6B1801D-2895-4A9E-95BB-7CBD839BBA86}
	EndGlobalSection
	GlobalSection(ExtensibilityGlobals) = postSolution
		SolutionGuid = {945C2D31-E85A-48BA-8265-6EB8F4BB597C}
	EndGlobalSection
EndGlobal
